# THIS IS AN AUTOGENERATED FILE. DO NOT EDIT THIS FILE DIRECTLY.
# yarn lockfile v1


"@braintree/asset-loader@0.2.0":
  version "0.2.0"
  resolved "https://registry.yarnpkg.com/@braintree/asset-loader/-/asset-loader-0.2.0.tgz#f30f039df98bb3662677a88828fa36dde082cea8"
  integrity sha512-tz/0a2nZvoLpUlGWLEJqqT4ITLFvM7WUWVvC8rgM33CiOmJLFUdYClpnoIvR0bXA2i1uxC/i7D67ghEhrg8BuA==
  dependencies:
    promise-polyfill "^8.1.0"

"@braintree/browser-detection@1.7.0", "@braintree/browser-detection@^1.5.0":
  version "1.7.0"
  resolved "https://registry.yarnpkg.com/@braintree/browser-detection/-/browser-detection-1.7.0.tgz#895ba64b700c3f36cab5c54591caf71a41171dd8"
  integrity sha1-iVumS3AMPzbKtcVFkcr3GkEXHdg=

"@braintree/class-list@0.1.0":
  version "0.1.0"
  resolved "https://registry.yarnpkg.com/@braintree/class-list/-/class-list-0.1.0.tgz#d6c8606ce6a82b4b37f28e32eadd090abcf1adaa"
  integrity sha512-AmXPsYhiNJKcxuwkgQjwyyTwFCeRlyFTeUJ9ecV/jLxS8ZH8fCAB4enYgArMRyvCekZZkqLK54kOJ6+OJBzJwA==

"@braintree/iframer@1.0.3":
  version "1.0.3"
  resolved "https://registry.yarnpkg.com/@braintree/iframer/-/iframer-1.0.3.tgz#21dd1fd4cebd4154aeab1efa4d5b0d5f4384364e"
  integrity sha1-Id0f1M69QVSuqx76TVsNX0OENk4=

"@braintree/sanitize-url@2.1.0":
  version "2.1.0"
  resolved "https://registry.yarnpkg.com/@braintree/sanitize-url/-/sanitize-url-2.1.0.tgz#549a9d1f923c9bc7953a585d3e9aa9429be8fe28"
  integrity sha1-VJqdH5I8m8eVOlhdPpqpQpvo/ig=

"@braintree/wrap-promise@1.1.1":
  version "1.1.1"
  resolved "https://registry.yarnpkg.com/@braintree/wrap-promise/-/wrap-promise-1.1.1.tgz#d22c76855e6d4b4012610060421fae1a37ec90b0"
  integrity sha1-0ix2hV5tS0ASYQBgQh+uGjfskLA=

braintree-dropin-react@^0.1.1:
  version "0.1.1"
  resolved "https://registry.yarnpkg.com/braintree-dropin-react/-/braintree-dropin-react-0.1.1.tgz#8a342b82ba9a811634af306aef8b5f25cf96fb77"
  integrity sha512-XUpOkj3tk+kND8A3M9izdjvDITM4lKpkIOqXylEsrQn1PRlsPxwP5qdtt6FShXqUo0W/iJolvLgjqNLLu26Oag==
  dependencies:
    prop-types "^15.6.0"
    react "^16.5.2"
    react-dom "^16.5.2"

braintree-web-drop-in@^1.14.1:
  version "1.14.1"
  resolved "https://registry.yarnpkg.com/braintree-web-drop-in/-/braintree-web-drop-in-1.14.1.tgz#ac414c5f0c8ab14f233dbc43f27342b31d900917"
  integrity sha512-VxBexaLRHpf/nONtqz+SXTx4hpzsB6G415LYYh4hO+jLquQq0uIq3+CvjconyprE9Yzptxhu46HLaXuDlDXWWg==
  dependencies:
    "@braintree/asset-loader" "0.2.0"
    "@braintree/browser-detection" "1.7.0"
    "@braintree/class-list" "0.1.0"
    "@braintree/wrap-promise" "1.1.1"
    braintree-web "3.39.0"
    promise-polyfill "8.1.0"

braintree-web@3.39.0:
  version "3.39.0"
  resolved "https://registry.yarnpkg.com/braintree-web/-/braintree-web-3.39.0.tgz#b5dd494c8d1f0a730b52bf043cd14fc975e0f65d"
  integrity sha512-3j5eTQf9WrGaooAEK2OhBnTnvdnZT+gigooMdAUD6Ll1NWRlRmS7OC5G1kkWEr+KXWgE63IqyDy4sLtP5GsYaQ==
  dependencies:
    "@braintree/asset-loader" "0.2.0"
    "@braintree/browser-detection" "1.7.0"
    "@braintree/class-list" "0.1.0"
    "@braintree/iframer" "1.0.3"
    "@braintree/sanitize-url" "2.1.0"
    "@braintree/wrap-promise" "1.1.1"
    card-validator "6.0.0"
    credit-card-type "8.0.0"
    framebus "3.0.1"
    inject-stylesheet "1.0.0"
    promise-polyfill "8.1.0"
    restricted-input "1.2.7"

card-validator@6.0.0:
  version "6.0.0"
  resolved "https://registry.yarnpkg.com/card-validator/-/card-validator-6.0.0.tgz#ed35134e3545bfb9ab88204778f8007fc023ea80"
  integrity sha512-M0f9AR//drteDaoXXv/TnvPSwYhIZp86CBLwNZ1T89mNkFMxcgKRJnSYJvQ+MSRJjIaVNRapPHdi4NVhxfB67Q==
  dependencies:
    credit-card-type "^8.0.0"

credit-card-type@8.0.0:
  version "8.0.0"
  resolved "https://registry.yarnpkg.com/credit-card-type/-/credit-card-type-8.0.0.tgz#e65347bcdb979b4deb3107cd43a1cd9da802cd50"
  integrity sha512-q3k5fbLJJIkPTBLr03Wo2Ui8cF5vHE8eTT/3K7BUW1ROoyns2vHoglWrzjmU/8JKA0X7JFlYlUVuDRwn7l2ldw==

credit-card-type@^8.0.0:
  version "8.1.0"
  resolved "https://registry.yarnpkg.com/credit-card-type/-/credit-card-type-8.1.0.tgz#141ffe6ea6516d6c62357dfd5278e512da06fc43"
  integrity sha512-Z2dBLgH04EYiGkOM7phfLFqRPJK42LRTdivOYIZRVQLBZiGswWhw3dbtFhszZQrlGF8vXtAEfm+seAWn4bETLQ==

framebus@3.0.1:
  version "3.0.1"
  resolved "https://registry.yarnpkg.com/framebus/-/framebus-3.0.1.tgz#dbabc3b08e39bf33d248e9af754bd8ffb05cfcce"
  integrity sha1-26vDsI45vzPSSOmvdUvY/7Bc/M4=

inject-stylesheet@1.0.0:
  version "1.0.0"
  resolved "https://registry.yarnpkg.com/inject-stylesheet/-/inject-stylesheet-1.0.0.tgz#f673047458ee58f109fee4cfb66b09f362ccc261"
  integrity sha1-9nMEdFjuWPEJ/uTPtmsJ82LMwmE=

"js-tokens@^3.0.0 || ^4.0.0":
  version "4.0.0"
  resolved "https://registry.yarnpkg.com/js-tokens/-/js-tokens-4.0.0.tgz#19203fb59991df98e3a287050d4647cdeaf32499"
  integrity sha512-RdJUflcE3cUzKiMqQgsCu06FPu9UdIJO0beYbPhHN4k6apgJtifcoCtT9bcxOpYBtpD2kCM6Sbzg4CausW/PKQ==

loose-envify@^1.1.0, loose-envify@^1.3.1:
  version "1.4.0"
  resolved "https://registry.yarnpkg.com/loose-envify/-/loose-envify-1.4.0.tgz#71ee51fa7be4caec1a63839f7e682d8132d30caf"
  integrity sha512-lyuxPGr/Wfhrlem2CL/UcnUc1zcqKAImBDzukY7Y5F/yQiNdko6+fRLevlw1HgMySw7f611UIY408EtxRSoK3Q==
  dependencies:
    js-tokens "^3.0.0 || ^4.0.0"

object-assign@^4.1.1:
  version "4.1.1"
  resolved "https://registry.yarnpkg.com/object-assign/-/object-assign-4.1.1.tgz#2109adc7965887cfc05cbbd442cac8bfbb360863"
  integrity sha1-IQmtx5ZYh8/AXLvUQsrIv7s2CGM=

promise-polyfill@8.1.0, promise-polyfill@^8.1.0:
  version "8.1.0"
  resolved "https://registry.yarnpkg.com/promise-polyfill/-/promise-polyfill-8.1.0.tgz#30059da54d1358ce905ac581f287e184aedf995d"
  integrity sha512-OzSf6gcCUQ01byV4BgwyUCswlaQQ6gzXc23aLQWhicvfX9kfsUiUhgt3CCQej8jDnl8/PhGF31JdHX2/MzF3WA==

prop-types@^15.6.0, prop-types@^15.6.2:
  version "15.6.2"
  resolved "https://registry.yarnpkg.com/prop-types/-/prop-types-15.6.2.tgz#05d5ca77b4453e985d60fc7ff8c859094a497102"
  integrity sha512-3pboPvLiWD7dkI3qf3KbUe6hKFKa52w+AE0VCqECtf+QHAKgOL37tTaNCnuX1nAAQ4ZhyP+kYVKf8rLmJ/feDQ==
  dependencies:
    loose-envify "^1.3.1"
    object-assign "^4.1.1"

react-dom@^16.5.2:
  version "16.7.0"
  resolved "https://registry.yarnpkg.com/react-dom/-/react-dom-16.7.0.tgz#a17b2a7ca89ee7390bc1ed5eb81783c7461748b8"
  integrity sha512-D0Ufv1ExCAmF38P2Uh1lwpminZFRXEINJe53zRAbm4KPwSyd6DY/uDoS0Blj9jvPpn1+wivKpZYc8aAAN/nAkg==
  dependencies:
    loose-envify "^1.1.0"
    object-assign "^4.1.1"
    prop-types "^15.6.2"
    scheduler "^0.12.0"

react@^16.5.2:
  version "16.7.0"
  resolved "https://registry.yarnpkg.com/react/-/react-16.7.0.tgz#b674ec396b0a5715873b350446f7ea0802ab6381"
  integrity sha512-StCz3QY8lxTb5cl2HJxjwLFOXPIFQp+p+hxQfc8WE0QiLfCtIlKj8/+5tjjKm8uSTlAW+fCPaavGFS06V9Ar3A==
  dependencies:
    loose-envify "^1.1.0"
    object-assign "^4.1.1"
    prop-types "^15.6.2"
    scheduler "^0.12.0"

restricted-input@1.2.7:
  version "1.2.7"
  resolved "https://registry.yarnpkg.com/restricted-input/-/restricted-input-1.2.7.tgz#e1298f5fd8c430cc2d8e6bb1175524023205cb34"
  integrity sha1-4SmPX9jEMMwtjmuxF1UkAjIFyzQ=
  dependencies:
    "@braintree/browser-detection" "^1.5.0"

scheduler@^0.12.0:
  version "0.12.0"
  resolved "https://registry.yarnpkg.com/scheduler/-/scheduler-0.12.0.tgz#8ab17699939c0aedc5a196a657743c496538647b"
  integrity sha512-t7MBR28Akcp4Jm+QoR63XgAi9YgCUmgvDHqf5otgAj4QvdoBE4ImCX0ffehefePPG+aitiYHp0g/mW6s4Tp+dw==
  dependencies:
    loose-envify "^1.1.0"
    object-assign "^4.1.1"
